# This file was autogenerated by Stack.
# You should not edit this file by hand.
# For more information, please see the documentation at:
#   https://docs.haskellstack.org/en/stable/lock_files

packages:
- completed:
    hackage: combinatorial-problems-0.0.4@sha256:2951c584a50eb7a279703e812fc27b9f1503a2ce2963240b88d270d21429ef6c,2630
    pantry-tree:
      size: 654
      sha256: 9773771dfde197ac421217f9b44ae38e978d30279816b1e572656bf1c36e3525
  original:
    hackage: combinatorial-problems-0.0.4
snapshots:
- completed:
    size: 534126
    url: https://raw.githubusercontent.com/commercialhaskell/stackage-snapshots/master/lts/16/31.yaml
    sha256: 637fb77049b25560622a224845b7acfe81a09fdb6a96a3c75997a10b651667f6
  original:
    url: https://raw.githubusercontent.com/commercialhaskell/stackage-snapshots/master/lts/16/31.yaml
